// !$*UTF8*$!
{
	archiveVersion = 1;
	classes = {
	};
	objectVersion = 46;
	objects = {

/* Begin PBXBuildFile section */
		3905371C194CAF3F002FC0ED /* Foundation.framework in Frameworks */ = {isa = PBXBuildFile; fileRef = 3905371B194CAF3F002FC0ED /* Foundation.framework */; };
		3905371E194CAF40002FC0ED /* CoreGraphics.framework in Frameworks */ = {isa = PBXBuildFile; fileRef = 3905371D194CAF40002FC0ED /* CoreGraphics.framework */; };
		39053720194CAF40002FC0ED /* UIKit.framework in Frameworks */ = {isa = PBXBuildFile; fileRef = 3905371F194CAF40002FC0ED /* UIKit.framework */; };
		39053726194CAF40002FC0ED /* InfoPlist.strings in Resources */ = {isa = PBXBuildFile; fileRef = 39053724194CAF40002FC0ED /* InfoPlist.strings */; };
		39053728194CAF40002FC0ED /* main.m in Sources */ = {isa = PBXBuildFile; fileRef = 39053727194CAF40002FC0ED /* main.m */; };
		3905372C194CAF40002FC0ED /* HelloWorldAppDelegate.m in Sources */ = {isa = PBXBuildFile; fileRef = 3905372B194CAF40002FC0ED /* HelloWorldAppDelegate.m */; };
		3905372E194CAF40002FC0ED /* Images.xcassets in Resources */ = {isa = PBXBuildFile; fileRef = 3905372D194CAF40002FC0ED /* Images.xcassets */; };
		39053735194CAF40002FC0ED /* XCTest.framework in Frameworks */ = {isa = PBXBuildFile; fileRef = 39053734194CAF40002FC0ED /* XCTest.framework */; };
		39053736194CAF40002FC0ED /* Foundation.framework in Frameworks */ = {isa = PBXBuildFile; fileRef = 3905371B194CAF3F002FC0ED /* Foundation.framework */; };
		39053737194CAF40002FC0ED /* UIKit.framework in Frameworks */ = {isa = PBXBuildFile; fileRef = 3905371F194CAF40002FC0ED /* UIKit.framework */; };
		3905373F194CAF40002FC0ED /* InfoPlist.strings in Resources */ = {isa = PBXBuildFile; fileRef = 3905373D194CAF40002FC0ED /* InfoPlist.strings */; };
		39053741194CAF40002FC0ED /* ToDoListTests.m in Sources */ = {isa = PBXBuildFile; fileRef = 39053740194CAF40002FC0ED /* ToDoListTests.m */; };
		3905374B194CB299002FC0ED /* Main.storyboard in Resources */ = {isa = PBXBuildFile; fileRef = 3905374A194CB299002FC0ED /* Main.storyboard */; };
		39371B4719536D9800AA1FE3 /* HelloWorldAddToDoItemViewController.m in Sources */ = {isa = PBXBuildFile; fileRef = 39371B4619536D9800AA1FE3 /* HelloWorldAddToDoItemViewController.m */; };
		39371B5619536FB900AA1FE3 /* HelloWorldTableViewController.m in Sources */ = {isa = PBXBuildFile; fileRef = 39371B5519536FB900AA1FE3 /* HelloWorldTableViewController.m */; };
		39371B591953751D00AA1FE3 /* HelloWorldToDoItem.m in Sources */ = {isa = PBXBuildFile; fileRef = 39371B581953751D00AA1FE3 /* HelloWorldToDoItem.m */; };
/* End PBXBuildFile section */

/* Begin PBXContainerItemProxy section */
		39053738194CAF40002FC0ED /* PBXContainerItemProxy */ = {
			isa = PBXContainerItemProxy;
			containerPortal = 39053710194CAF3F002FC0ED /* Project object */;
			proxyType = 1;
			remoteGlobalIDString = 39053717194CAF3F002FC0ED;
			remoteInfo = ToDoList;
		};
/* End PBXContainerItemProxy section */

/* Begin PBXFileReference section */
		39053718194CAF3F002FC0ED /* ToDoList.app */ = {isa = PBXFileReference; explicitFileType = wrapper.application; includeInIndex = 0; path = ToDoList.app; sourceTree = BUILT_PRODUCTS_DIR; };
		3905371B194CAF3F002FC0ED /* Foundation.framework */ = {isa = PBXFileReference; lastKnownFileType = wrapper.framework; name = Foundation.framework; path = System/Library/Frameworks/Foundation.framework; sourceTree = SDKROOT; };
		3905371D194CAF40002FC0ED /* CoreGraphics.framework */ = {isa = PBXFileReference; lastKnownFileType = wrapper.framework; name = CoreGraphics.framework; path = System/Library/Frameworks/CoreGraphics.framework; sourceTree = SDKROOT; };
		3905371F194CAF40002FC0ED /* UIKit.framework */ = {isa = PBXFileReference; lastKnownFileType = wrapper.framework; name = UIKit.framework; path = System/Library/Frameworks/UIKit.framework; sourceTree = SDKROOT; };
		39053723194CAF40002FC0ED /* ToDoList-Info.plist */ = {isa = PBXFileReference; lastKnownFileType = text.plist.xml; path = "ToDoList-Info.plist"; sourceTree = "<group>"; };
		39053725194CAF40002FC0ED /* en */ = {isa = PBXFileReference; lastKnownFileType = text.plist.strings; name = en; path = en.lproj/InfoPlist.strings; sourceTree = "<group>"; };
		39053727194CAF40002FC0ED /* main.m */ = {isa = PBXFileReference; lastKnownFileType = sourcecode.c.objc; path = main.m; sourceTree = "<group>"; };
		39053729194CAF40002FC0ED /* ToDoList-Prefix.pch */ = {isa = PBXFileReference; lastKnownFileType = sourcecode.c.h; path = "ToDoList-Prefix.pch"; sourceTree = "<group>"; };
		3905372A194CAF40002FC0ED /* HelloWorldAppDelegate.h */ = {isa = PBXFileReference; lastKnownFileType = sourcecode.c.h; path = HelloWorldAppDelegate.h; sourceTree = "<group>"; };
		3905372B194CAF40002FC0ED /* HelloWorldAppDelegate.m */ = {isa = PBXFileReference; lastKnownFileType = sourcecode.c.objc; path = HelloWorldAppDelegate.m; sourceTree = "<group>"; };
		3905372D194CAF40002FC0ED /* Images.xcassets */ = {isa = PBXFileReference; lastKnownFileType = folder.assetcatalog; path = Images.xcassets; sourceTree = "<group>"; };
		39053733194CAF40002FC0ED /* ToDoListTests.xctest */ = {isa = PBXFileReference; explicitFileType = wrapper.cfbundle; includeInIndex = 0; path = ToDoListTests.xctest; sourceTree = BUILT_PRODUCTS_DIR; };
		39053734194CAF40002FC0ED /* XCTest.framework */ = {isa = PBXFileReference; lastKnownFileType = wrapper.framework; name = XCTest.framework; path = Library/Frameworks/XCTest.framework; sourceTree = DEVELOPER_DIR; };
		3905373C194CAF40002FC0ED /* ToDoListTests-Info.plist */ = {isa = PBXFileReference; lastKnownFileType = text.plist.xml; path = "ToDoListTests-Info.plist"; sourceTree = "<group>"; };
		3905373E194CAF40002FC0ED /* en */ = {isa = PBXFileReference; lastKnownFileType = text.plist.strings; name = en; path = en.lproj/InfoPlist.strings; sourceTree = "<group>"; };
		39053740194CAF40002FC0ED /* ToDoListTests.m */ = {isa = PBXFileReference; lastKnownFileType = sourcecode.c.objc; path = ToDoListTests.m; sourceTree = "<group>"; };
		3905374A194CB299002FC0ED /* Main.storyboard */ = {isa = PBXFileReference; fileEncoding = 4; lastKnownFileType = file.storyboard; path = Main.storyboard; sourceTree = "<group>"; };
		39371B4519536D9800AA1FE3 /* HelloWorldAddToDoItemViewController.h */ = {isa = PBXFileReference; fileEncoding = 4; lastKnownFileType = sourcecode.c.h; path = HelloWorldAddToDoItemViewController.h; sourceTree = "<group>"; };
		39371B4619536D9800AA1FE3 /* HelloWorldAddToDoItemViewController.m */ = {isa = PBXFileReference; fileEncoding = 4; lastKnownFileType = sourcecode.c.objc; path = HelloWorldAddToDoItemViewController.m; sourceTree = "<group>"; };
		39371B5419536FB900AA1FE3 /* HelloWorldTableViewController.h */ = {isa = PBXFileReference; fileEncoding = 4; lastKnownFileType = sourcecode.c.h; path = HelloWorldTableViewController.h; sourceTree = "<group>"; };
		39371B5519536FB900AA1FE3 /* HelloWorldTableViewController.m */ = {isa = PBXFileReference; fileEncoding = 4; lastKnownFileType = sourcecode.c.objc; path = HelloWorldTableViewController.m; sourceTree = "<group>"; };
		39371B571953751D00AA1FE3 /* HelloWorldToDoItem.h */ = {isa = PBXFileReference; fileEncoding = 4; lastKnownFileType = sourcecode.c.h; path = HelloWorldToDoItem.h; sourceTree = "<group>"; };
		39371B581953751D00AA1FE3 /* HelloWorldToDoItem.m */ = {isa = PBXFileReference; fileEncoding = 4; lastKnownFileType = sourcecode.c.objc; path = HelloWorldToDoItem.m; sourceTree = "<group>"; };
/* End PBXFileReference section */

/* Begin PBXFrameworksBuildPhase section */
		39053715194CAF3F002FC0ED /* Frameworks */ = {
			isa = PBXFrameworksBuildPhase;
			buildActionMask = 2147483647;
			files = (
				3905371E194CAF40002FC0ED /* CoreGraphics.framework in Frameworks */,
				39053720194CAF40002FC0ED /* UIKit.framework in Frameworks */,
				3905371C194CAF3F002FC0ED /* Foundation.framework in Frameworks */,
			);
			runOnlyForDeploymentPostprocessing = 0;
		};
		39053730194CAF40002FC0ED /* Frameworks */ = {
			isa = PBXFrameworksBuildPhase;
			buildActionMask = 2147483647;
			files = (
				39053735194CAF40002FC0ED /* XCTest.framework in Frameworks */,
				39053737194CAF40002FC0ED /* UIKit.framework in Frameworks */,
				39053736194CAF40002FC0ED /* Foundation.framework in Frameworks */,
			);
			runOnlyForDeploymentPostprocessing = 0;
		};
/* End PBXFrameworksBuildPhase section */

/* Begin PBXGroup section */
		3905370F194CAF3F002FC0ED = {
			isa = PBXGroup;
			children = (
				39053721194CAF40002FC0ED /* ToDoList */,
				3905373A194CAF40002FC0ED /* ToDoListTests */,
				3905371A194CAF3F002FC0ED /* Frameworks */,
				39053719194CAF3F002FC0ED /* Products */,
			);
			sourceTree = "<group>";
		};
		39053719194CAF3F002FC0ED /* Products */ = {
			isa = PBXGroup;
			children = (
				39053718194CAF3F002FC0ED /* ToDoList.app */,
				39053733194CAF40002FC0ED /* ToDoListTests.xctest */,
			);
			name = Products;
			sourceTree = "<group>";
		};
		3905371A194CAF3F002FC0ED /* Frameworks */ = {
			isa = PBXGroup;
			children = (
				3905371B194CAF3F002FC0ED /* Foundation.framework */,
				3905371D194CAF40002FC0ED /* CoreGraphics.framework */,
				3905371F194CAF40002FC0ED /* UIKit.framework */,
				39053734194CAF40002FC0ED /* XCTest.framework */,
			);
			name = Frameworks;
			sourceTree = "<group>";
		};
		39053721194CAF40002FC0ED /* ToDoList */ = {
			isa = PBXGroup;
			children = (
				39371B571953751D00AA1FE3 /* HelloWorldToDoItem.h */,
				39371B581953751D00AA1FE3 /* HelloWorldToDoItem.m */,
				3905372A194CAF40002FC0ED /* HelloWorldAppDelegate.h */,
				3905372B194CAF40002FC0ED /* HelloWorldAppDelegate.m */,
				39371B5419536FB900AA1FE3 /* HelloWorldTableViewController.h */,
				39371B5519536FB900AA1FE3 /* HelloWorldTableViewController.m */,
				3905374A194CB299002FC0ED /* Main.storyboard */,
				39371B4519536D9800AA1FE3 /* HelloWorldAddToDoItemViewController.h */,
				39371B4619536D9800AA1FE3 /* HelloWorldAddToDoItemViewController.m */,
				3905372D194CAF40002FC0ED /* Images.xcassets */,
				39053722194CAF40002FC0ED /* Supporting Files */,
			);
			path = ToDoList;
			sourceTree = "<group>";
		};
		39053722194CAF40002FC0ED /* Supporting Files */ = {
			isa = PBXGroup;
			children = (
				39053723194CAF40002FC0ED /* ToDoList-Info.plist */,
				39053724194CAF40002FC0ED /* InfoPlist.strings */,
				39053727194CAF40002FC0ED /* main.m */,
				39053729194CAF40002FC0ED /* ToDoList-Prefix.pch */,
			);
			name = "Supporting Files";
			sourceTree = "<group>";
		};
		3905373A194CAF40002FC0ED /* ToDoListTests */ = {
			isa = PBXGroup;
			children = (
				39053740194CAF40002FC0ED /* ToDoListTests.m */,
				3905373B194CAF40002FC0ED /* Supporting Files */,
			);
			path = ToDoListTests;
			sourceTree = "<group>";
		};
		3905373B194CAF40002FC0ED /* Supporting Files */ = {
			isa = PBXGroup;
			children = (
				3905373C194CAF40002FC0ED /* ToDoListTests-Info.plist */,
				3905373D194CAF40002FC0ED /* InfoPlist.strings */,
			);
			name = "Supporting Files";
			sourceTree = "<group>";
		};
/* End PBXGroup section */

/* Begin PBXNativeTarget section */
		39053717194CAF3F002FC0ED /* ToDoList */ = {
			isa = PBXNativeTarget;
			buildConfigurationList = 39053744194CAF40002FC0ED /* Build configuration list for PBXNativeTarget "ToDoList" */;
			buildPhases = (
				39053714194CAF3F002FC0ED /* Sources */,
				39053715194CAF3F002FC0ED /* Frameworks */,
				39053716194CAF3F002FC0ED /* Resources */,
			);
			buildRules = (
			);
			dependencies = (
			);
			name = ToDoList;
			productName = ToDoList;
			productReference = 39053718194CAF3F002FC0ED /* ToDoList.app */;
			productType = "com.apple.product-type.application";
		};
		39053732194CAF40002FC0ED /* ToDoListTests */ = {
			isa = PBXNativeTarget;
			buildConfigurationList = 39053747194CAF40002FC0ED /* Build configuration list for PBXNativeTarget "ToDoListTests" */;
			buildPhases = (
				3905372F194CAF40002FC0ED /* Sources */,
				39053730194CAF40002FC0ED /* Frameworks */,
				39053731194CAF40002FC0ED /* Resources */,
			);
			buildRules = (
			);
			dependencies = (
				39053739194CAF40002FC0ED /* PBXTargetDependency */,
			);
			name = ToDoListTests;
			productName = ToDoListTests;
			productReference = 39053733194CAF40002FC0ED /* ToDoListTests.xctest */;
			productType = "com.apple.product-type.bundle.unit-test";
		};
/* End PBXNativeTarget section */

/* Begin PBXProject section */
		39053710194CAF3F002FC0ED /* Project object */ = {
			isa = PBXProject;
			attributes = {
				CLASSPREFIX = HelloWorld;
				LastUpgradeCheck = 0510;
				ORGANIZATIONNAME = "Ana Tr";
				TargetAttributes = {
					39053732194CAF40002FC0ED = {
						TestTargetID = 39053717194CAF3F002FC0ED;
					};
				};
			};
			buildConfigurationList = 39053713194CAF3F002FC0ED /* Build configuration list for PBXProject "ToDoList" */;
			compatibilityVersion = "Xcode 3.2";
			developmentRegion = English;
			hasScannedForEncodings = 0;
			knownRegions = (
				en,
			);
			mainGroup = 3905370F194CAF3F002FC0ED;
			productRefGroup = 39053719194CAF3F002FC0ED /* Products */;
			projectDirPath = "";
			projectRoot = "";
			targets = (
				39053717194CAF3F002FC0ED /* ToDoList */,
				39053732194CAF40002FC0ED /* ToDoListTests */,
			);
		};
/* End PBXProject section */

/* Begin PBXResourcesBuildPhase section */
		39053716194CAF3F002FC0ED /* Resources */ = {
			isa = PBXResourcesBuildPhase;
			buildActionMask = 2147483647;
			files = (
				3905374B194CB299002FC0ED /* Main.storyboard in Resources */,
				39053726194CAF40002FC0ED /* InfoPlist.strings in Resources */,
				3905372E194CAF40002FC0ED /* Images.xcassets in Resources */,
			);
			runOnlyForDeploymentPostprocessing = 0;
		};
		39053731194CAF40002FC0ED /* Resources */ = {
			isa = PBXResourcesBuildPhase;
			buildActionMask = 2147483647;
			files = (
				3905373F194CAF40002FC0ED /* InfoPlist.strings in Resources */,
			);
			runOnlyForDeploymentPostprocessing = 0;
		};
/* End PBXResourcesBuildPhase section */

/* Begin PBXSourcesBuildPhase section */
		39053714194CAF3F002FC0ED /* Sources */ = {
			isa = PBXSourcesBuildPhase;
			buildActionMask = 2147483647;
			files = (
				3905372C194CAF40002FC0ED /* HelloWorldAppDelegate.m in Sources */,
				39371B5619536FB900AA1FE3 /* HelloWorldTableViewController.m in Sources */,
				39053728194CAF40002FC0ED /* main.m in Sources */,
				39371B4719536D9800AA1FE3 /* HelloWorldAddToDoItemViewController.m in Sources */,
				39371B591953751D00AA1FE3 /* HelloWorldToDoItem.m in Sources */,
			);
			runOnlyForDeploymentPostprocessing = 0;
		};
		3905372F194CAF40002FC0ED /* Sources */ = {
			isa = PBXSourcesBuildPhase;
			buildActionMask = 2147483647;
			files = (
				39053741194CAF40002FC0ED /* ToDoListTests.m in Sources */,
			);
			runOnlyForDeploymentPostprocessing = 0;
		};
/* End PBXSourcesBuildPhase section */

/* Begin PBXTargetDependency section */
		39053739194CAF40002FC0ED /* PBXTargetDependency */ = {
			isa = PBXTargetDependency;
			target = 39053717194CAF3F002FC0ED /* ToDoList */;
			targetProxy = 39053738194CAF40002FC0ED /* PBXContainerItemProxy */;
		};
/* End PBXTargetDependency section */

/* Begin PBXVariantGroup section */
		39053724194CAF40002FC0ED /* InfoPlist.strings */ = {
			isa = PBXVariantGroup;
			children = (
				39053725194CAF40002FC0ED /* en */,
			);
			name = InfoPlist.strings;
			sourceTree = "<group>";
		};
		3905373D194CAF40002FC0ED /* InfoPlist.strings */ = {
			isa = PBXVariantGroup;
			children = (
				3905373E194CAF40002FC0ED /* en */,
			);
			name = InfoPlist.strings;
			sourceTree = "<group>";
		};
/* End PBXVariantGroup section */

/* Begin XCBuildConfiguration section */
		39053742194CAF40002FC0ED /* Debug */ = {
			isa = XCBuildConfiguration;
			buildSettings = {
				ALWAYS_SEARCH_USER_PATHS = NO;
				CLANG_CXX_LANGUAGE_STANDARD = "gnu++0x";
				CLANG_CXX_LIBRARY = "libc++";
				CLANG_ENABLE_MODULES = YES;
				CLANG_ENABLE_OBJC_ARC = YES;
				CLANG_WARN_BOOL_CONVERSION = YES;
				CLANG_WARN_CONSTANT_CONVERSION = YES;
				CLANG_WARN_DIRECT_OBJC_ISA_USAGE = YES_ERROR;
				CLANG_WARN_EMPTY_BODY = YES;
				CLANG_WARN_ENUM_CONVERSION = YES;
				CLANG_WARN_INT_CONVERSION = YES;
				CLANG_WARN_OBJC_ROOT_CLASS = YES_ERROR;
				CLANG_WARN__DUPLICATE_METHOD_MATCH = YES;
				"CODE_SIGN_IDENTITY[sdk=iphoneos*]" = "iPhone Developer";
				COPY_PHASE_STRIP = NO;
				GCC_C_LANGUAGE_STANDARD = gnu99;
				GCC_DYNAMIC_NO_PIC = NO;
				GCC_OPTIMIZATION_LEVEL = 0;
				GCC_PREPROCESSOR_DEFINITIONS = (
					"DEBUG=1",
					"$(inherited)",
				);
				GCC_SYMBOLS_PRIVATE_EXTERN = NO;
				GCC_WARN_64_TO_32_BIT_CONVERSION = YES;
				GCC_WARN_ABOUT_RETURN_TYPE = YES_ERROR;
				GCC_WARN_UNDECLARED_SELECTOR = YES;
				GCC_WARN_UNINITIALIZED_AUTOS = YES_AGGRESSIVE;
				GCC_WARN_UNUSED_FUNCTION = YES;
				GCC_WARN_UNUSED_VARIABLE = YES;
				IPHONEOS_DEPLOYMENT_TARGET = 7.1;
				ONLY_ACTIVE_ARCH = YES;
				SDKROOT = iphoneos;
			};
			name = Debug;
		};
		39053743194CAF40002FC0ED /* Release */ = {
			isa = XCBuildConfiguration;
			buildSettings = {
				ALWAYS_SEARCH_USER_PATHS = NO;
				CLANG_CXX_LANGUAGE_STANDARD = "gnu++0x";
				CLANG_CXX_LIBRARY = "libc++";
				CLANG_ENABLE_MODULES = YES;
				CLANG_ENABLE_OBJC_ARC = YES;
				CLANG_WARN_BOOL_CONVERSION = YES;
				CLANG_WARN_CONSTANT_CONVERSION = YES;
				CLANG_WARN_DIRECT_OBJC_ISA_USAGE = YES_ERROR;
				CLANG_WARN_EMPTY_BODY = YES;
				CLANG_WARN_ENUM_CONVERSION = YES;
				CLANG_WARN_INT_CONVERSION = YES;
				CLANG_WARN_OBJC_ROOT_CLASS = YES_ERROR;
				CLANG_WARN__DUPLICATE_METHOD_MATCH = YES;
				"CODE_SIGN_IDENTITY[sdk=iphoneos*]" = "iPhone Developer";
				COPY_PHASE_STRIP = YES;
				ENABLE_NS_ASSERTIONS = NO;
				GCC_C_LANGUAGE_STANDARD = gnu99;
				GCC_WARN_64_TO_32_BIT_CONVERSION = YES;
				GCC_WARN_ABOUT_RETURN_TYPE = YES_ERROR;
				GCC_WARN_UNDECLARED_SELECTOR = YES;
				GCC_WARN_UNINITIALIZED_AUTOS = YES_AGGRESSIVE;
				GCC_WARN_UNUSED_FUNCTION = YES;
				GCC_WARN_UNUSED_VARIABLE = YES;
				IPHONEOS_DEPLOYMENT_TARGET = 7.1;
				SDKROOT = iphoneos;
				VALIDATE_PRODUCT = YES;
			};
			name = Release;
		};
		39053745194CAF40002FC0ED /* Debug */ = {
			isa = XCBuildConfiguration;
			buildSettings = {
				ASSETCATALOG_COMPILER_APPICON_NAME = AppIcon;
				ASSETCATALOG_COMPILER_LAUNCHIMAGE_NAME = LaunchImage;
				GCC_PRECOMPILE_PREFIX_HEADER = YES;
				GCC_PREFIX_HEADER = "ToDoList/ToDoList-Prefix.pch";
				INFOPLIST_FILE = "ToDoList/ToDoList-Info.plist";
				PRODUCT_NAME = "$(TARGET_NAME)";
				WRAPPER_EXTENSION = app;
			};
			name = Debug;
		};
		39053746194CAF40002FC0ED /* Release */ = {
			isa = XCBuildConfiguration;
			buildSettings = {
				ASSETCATALOG_COMPILER_APPICON_NAME = AppIcon;
				ASSETCATALOG_COMPILER_LAUNCHIMAGE_NAME = LaunchImage;
				GCC_PRECOMPILE_PREFIX_HEADER = YES;
				GCC_PREFIX_HEADER = "ToDoList/ToDoList-Prefix.pch";
				INFOPLIST_FILE = "ToDoList/ToDoList-Info.plist";
				PRODUCT_NAME = "$(TARGET_NAME)";
				WRAPPER_EXTENSION = app;
			};
			name = Release;
		};
		39053748194CAF40002FC0ED /* Debug */ = {
			isa = XCBuildConfiguration;
			buildSettings = {
				BUNDLE_LOADER = "$(BUILT_PRODUCTS_DIR)/ToDoList.app/ToDoList";
				FRAMEWORK_SEARCH_PATHS = (
					"$(SDKROOT)/Developer/Library/Frameworks",
					"$(inherited)",
					"$(DEVELOPER_FRAMEWORKS_DIR)",
				);
				GCC_PRECOMPILE_PREFIX_HEADER = YES;
				GCC_PREFIX_HEADER = "ToDoList/ToDoList-Prefix.pch";
				GCC_PREPROCESSOR_DEFINITIONS = (
					"DEBUG=1",
					"$(inherited)",
				);
				INFOPLIST_FILE = "ToDoListTests/ToDoListTests-Info.plist";
				PRODUCT_NAME = "$(TARGET_NAME)";
				TEST_HOST = "$(BUNDLE_LOADER)";
				WRAPPER_EXTENSION = xctest;
			};
			name = Debug;
		};
		39053749194CAF40002FC0ED /* Release */ = {
			isa = XCBuildConfiguration;
			buildSettings = {
				BUNDLE_LOADER = "$(BUILT_PRODUCTS_DIR)/ToDoList.app/ToDoList";
				FRAMEWORK_SEARCH_PATHS = (
					"$(SDKROOT)/Developer/Library/Frameworks",
					"$(inherited)",
					"$(DEVELOPER_FRAMEWORKS_DIR)",
				);
				GCC_PRECOMPILE_PREFIX_HEADER = YES;
				GCC_PREFIX_HEADER = "ToDoList/ToDoList-Prefix.pch";
				INFOPLIST_FILE = "ToDoListTests/ToDoListTests-Info.plist";
				PRODUCT_NAME = "$(TARGET_NAME)";
				TEST_HOST = "$(BUNDLE_LOADER)";
				WRAPPER_EXTENSION = xctest;
			};
			name = Release;
		};
/* End XCBuildConfiguration section */

/* Begin XCConfigurationList section */
		39053713194CAF3F002FC0ED /* Build configuration list for PBXProject "ToDoList" */ = {
			isa = XCConfigurationList;
			buildConfigurations = (
				39053742194CAF40002FC0ED /* Debug */,
				39053743194CAF40002FC0ED /* Release */,
			);
			defaultConfigurationIsVisible = 0;
			defaultConfigurationName = Release;
		};
		39053744194CAF40002FC0ED /* Build configuration list for PBXNativeTarget "ToDoList" */ = {
			isa = XCConfigurationList;
			buildConfigurations = (
				39053745194CAF40002FC0ED /* Debug */,
				39053746194CAF40002FC0ED /* Release */,
			);
			defaultConfigurationIsVisible = 0;
			defaultConfigurationName = Release;
		};
		39053747194CAF40002FC0ED /* Build configuration list for PBXNativeTarget "ToDoListTests" */ = {
			isa = XCConfigurationList;
			buildConfigurations = (
				39053748194CAF40002FC0ED /* Debug */,
				39053749194CAF40002FC0ED /* Release */,
			);
			defaultConfigurationIsVisible = 0;
			defaultConfigurationName = Release;
		};
/* End XCConfigurationList section */
	};
	rootObject = 39053710194CAF3F002FC0ED /* Project object */;
}
